
Microsoft Visual Studio Solution File, Format Version 12.00
# Visual Studio 15
VisualStudioVersion = 15.0.28307.705
MinimumVisualStudioVersion = 10.0.40219.1
Project("{2150E333-8FDC-42A3-9474-1A3956D46DE8}") = "2 -Domain", "2 -Domain", "{7B1F9410-9608-4C13-B00C-B1D517F32834}"
EndProject
Project("{2150E333-8FDC-42A3-9474-1A3956D46DE8}") = "4 -Infra", "4 -Infra", "{13D7C689-B291-420B-AE57-463199B4A8FA}"
EndProject
Project("{2150E333-8FDC-42A3-9474-1A3956D46DE8}") = "1 - Presenter", "1 - Presenter", "{BFE4929C-170F-491D-A4E7-C193D65B84DD}"
EndProject
Project("{9A19103F-16F7-4668-BE54-9A1E7A4F7556}") = "Domain", "Domain\Domain.csproj", "{F4D080F6-9B80-440F-BBB1-3BDEC85ADFEE}"
EndProject
Project("{9A19103F-16F7-4668-BE54-9A1E7A4F7556}") = "Data", "Data\Data.csproj", "{2292011F-FCA0-46B1-B522-546B55651E69}"
EndProject
Project("{2150E333-8FDC-42A3-9474-1A3956D46DE8}") = "5 - Test", "5 - Test", "{DD94FD2A-F4A3-4CF9-919A-AE1E944DF037}"
EndProject
Project("{9A19103F-16F7-4668-BE54-9A1E7A4F7556}") = "ConsoleApp", "ConsoleApp\ConsoleApp.csproj", "{5EFF6B32-B5CF-496F-B15B-E8092D926F92}"
EndProject
Project("{9A19103F-16F7-4668-BE54-9A1E7A4F7556}") = "Web", "Web\Web.csproj", "{9ABBFE3A-DBA3-436D-82C1-F6DB65FE9626}"
EndProject
Project("{FAE04EC0-301F-11D3-BF4B-00C04F79EFBC}") = "WebApi", "WebApi\WebApi.csproj", "{43AD51F4-7E8C-4461-9D42-0BD15BE83431}"
EndProject
Global
	GlobalSection(SolutionConfigurationPlatforms) = preSolution
		Debug|Any CPU = Debug|Any CPU
		Release|Any CPU = Release|Any CPU
	EndGlobalSection
	GlobalSection(ProjectConfigurationPlatforms) = postSolution
		{F4D080F6-9B80-440F-BBB1-3BDEC85ADFEE}.Debug|Any CPU.ActiveCfg = Debug|Any CPU
		{F4D080F6-9B80-440F-BBB1-3BDEC85ADFEE}.Debug|Any CPU.Build.0 = Debug|Any CPU
		{F4D080F6-9B80-440F-BBB1-3BDEC85ADFEE}.Release|Any CPU.ActiveCfg = Release|Any CPU
		{F4D080F6-9B80-440F-BBB1-3BDEC85ADFEE}.Release|Any CPU.Build.0 = Release|Any CPU
		{2292011F-FCA0-46B1-B522-546B55651E69}.Debug|Any CPU.ActiveCfg = Debug|Any CPU
		{2292011F-FCA0-46B1-B522-546B55651E69}.Debug|Any CPU.Build.0 = Debug|Any CPU
		{2292011F-FCA0-46B1-B522-546B55651E69}.Release|Any CPU.ActiveCfg = Release|Any CPU
		{2292011F-FCA0-46B1-B522-546B55651E69}.Release|Any CPU.Build.0 = Release|Any CPU
		{5EFF6B32-B5CF-496F-B15B-E8092D926F92}.Debug|Any CPU.ActiveCfg = Debug|Any CPU
		{5EFF6B32-B5CF-496F-B15B-E8092D926F92}.Debug|Any CPU.Build.0 = Debug|Any CPU
		{5EFF6B32-B5CF-496F-B15B-E8092D926F92}.Release|Any CPU.ActiveCfg = Release|Any CPU
		{5EFF6B32-B5CF-496F-B15B-E8092D926F92}.Release|Any CPU.Build.0 = Release|Any CPU
		{9ABBFE3A-DBA3-436D-82C1-F6DB65FE9626}.Debug|Any CPU.ActiveCfg = Debug|Any CPU
		{9ABBFE3A-DBA3-436D-82C1-F6DB65FE9626}.Debug|Any CPU.Build.0 = Debug|Any CPU
		{9ABBFE3A-DBA3-436D-82C1-F6DB65FE9626}.Release|Any CPU.ActiveCfg = Release|Any CPU
		{9ABBFE3A-DBA3-436D-82C1-F6DB65FE9626}.Release|Any CPU.Build.0 = Release|Any CPU
		{43AD51F4-7E8C-4461-9D42-0BD15BE83431}.Debug|Any CPU.ActiveCfg = Debug|Any CPU
		{43AD51F4-7E8C-4461-9D42-0BD15BE83431}.Debug|Any CPU.Build.0 = Debug|Any CPU
		{43AD51F4-7E8C-4461-9D42-0BD15BE83431}.Release|Any CPU.ActiveCfg = Release|Any CPU
		{43AD51F4-7E8C-4461-9D42-0BD15BE83431}.Release|Any CPU.Build.0 = Release|Any CPU
	EndGlobalSection
	GlobalSection(SolutionProperties) = preSolution
		HideSolutionNode = FALSE
	EndGlobalSection
	GlobalSection(NestedProjects) = preSolution
		{F4D080F6-9B80-440F-BBB1-3BDEC85ADFEE} = {7B1F9410-9608-4C13-B00C-B1D517F32834}
		{2292011F-FCA0-46B1-B522-546B55651E69} = {13D7C689-B291-420B-AE57-463199B4A8FA}
		{5EFF6B32-B5CF-496F-B15B-E8092D926F92} = {DD94FD2A-F4A3-4CF9-919A-AE1E944DF037}
		{9ABBFE3A-DBA3-436D-82C1-F6DB65FE9626} = {BFE4929C-170F-491D-A4E7-C193D65B84DD}
		{43AD51F4-7E8C-4461-9D42-0BD15BE83431} = {BFE4929C-170F-491D-A4E7-C193D65B84DD}
	EndGlobalSection
	GlobalSection(ExtensibilityGlobals) = postSolution
		SolutionGuid = {63E55D63-B31F-49A5-B2FF-52397CE7C63A}
	EndGlobalSection
EndGlobal
